
Microsoft Visual Studio Solution File, Format Version 12.00
# Visual Studio Version 16
VisualStudioVersion = 16.0.30002.166
MinimumVisualStudioVersion = 10.0.40219.1
Project("{8BC9CEB8-8B4A-11D0-8D11-00A0C91BC942}") = "CPP_Exam", "CPP_Exam\CPP_Exam.vcxproj", "{0551EC6A-6967-48F2-BF78-D5CC2BF31019}"
EndProject
Global
	GlobalSection(SolutionConfigurationPlatforms) = preSolution
		Debug|x64 = Debug|x64
		Debug|x86 = Debug|x86
		Release|x64 = Release|x64
		Release|x86 = Release|x86
	EndGlobalSection
	GlobalSection(ProjectConfigurationPlatforms) = postSolution
		{0551EC6A-6967-48F2-BF78-D5CC2BF31019}.Debug|x64.ActiveCfg = Debug|x64
		{0551EC6A-6967-48F2-BF78-D5CC2BF31019}.Debug|x64.Build.0 = Debug|x64
		{0551EC6A-6967-48F2-BF78-D5CC2BF31019}.Debug|x86.ActiveCfg = Debug|Win32
		{0551EC6A-6967-48F2-BF78-D5CC2BF31019}.Debug|x86.Build.0 = Debug|Win32
		{0551EC6A-6967-48F2-BF78-D5CC2BF31019}.Release|x64.ActiveCfg = Release|x64
		{0551EC6A-6967-48F2-BF78-D5CC2BF31019}.Release|x64.Build.0 = Release|x64
		{0551EC6A-6967-48F2-BF78-D5CC2BF31019}.Release|x86.ActiveCfg = Release|Win32
		{0551EC6A-6967-48F2-BF78-D5CC2BF31019}.Release|x86.Build.0 = Release|Win32
	EndGlobalSection
	GlobalSection(SolutionProperties) = preSolution
		HideSolutionNode = FALSE
	EndGlobalSection
	GlobalSection(ExtensibilityGlobals) = postSolution
		SolutionGuid = {6405CBF9-E7EB-477D-8123-0D8046B119B7}
	EndGlobalSection
EndGlobal
